
Microsoft Visual Studio Solution File, Format Version 11.00
# Visual Studio 2010
Project("{FAE04EC0-301F-11D3-BF4B-00C04F79EFBC}") = "upload_assincrono_progressbar", "upload_assincrono_progressbar\upload_assincrono_progressbar.csproj", "{81AD11EB-A9B3-48C0-9895-DBCFCDC51F80}"
EndProject
Global
	GlobalSection(SolutionConfigurationPlatforms) = preSolution
		Debug|Any CPU = Debug|Any CPU
		Release|Any CPU = Release|Any CPU
	EndGlobalSection
	GlobalSection(ProjectConfigurationPlatforms) = postSolution
		{81AD11EB-A9B3-48C0-9895-DBCFCDC51F80}.Debug|Any CPU.ActiveCfg = Debug|Any CPU
		{81AD11EB-A9B3-48C0-9895-DBCFCDC51F80}.Debug|Any CPU.Build.0 = Debug|Any CPU
		{81AD11EB-A9B3-48C0-9895-DBCFCDC51F80}.Release|Any CPU.ActiveCfg = Release|Any CPU
		{81AD11EB-A9B3-48C0-9895-DBCFCDC51F80}.Release|Any CPU.Build.0 = Release|Any CPU
	EndGlobalSection
	GlobalSection(SolutionProperties) = preSolution
		HideSolutionNode = FALSE
	EndGlobalSection
EndGlobal
